{
  "name": "@kotoba-lang/language-authority",
  "version": "0.0.0-private",
  "lockfileVersion": 3,
  "requires": true,
  "packages": {
    "": {
      "name": "@kotoba-lang/language-authority",
      "version": "0.0.0-private",
      "dependencies": {
        "@noble/hashes": "1.8.0"
      },
      "devDependencies": {
        "@endo/ocapn": "^1.1.1",
        "assemblyscript": "^0.28.20",
        "nbb": "1.5.211"
      }
    },
    "node_modules/@endo/base64": {
      "version": "1.1.1",
      "resolved": "https://registry.npmjs.org/@endo/base64/-/base64-1.1.1.tgz",
      "integrity": "sha512-6Aiy5oU/5/LYrHLbEPz0OWQ+CQsnAOC3qQYQ3nlwWi2JsU8fIZWjwfa+/+MSx8LTzITC250ZnMvtR0y/FIOQKw==",
      "dev": true,
      "license": "Apache-2.0"
    },
    "node_modules/@endo/bytes": {
      "version": "1.0.2",
      "resolved": "https://registry.npmjs.org/@endo/bytes/-/bytes-1.0.2.tgz",
      "integrity": "sha512-gKG8v4c7SD/QzULlFl1OKBuUCCy+9H78xsCL40hZn1q2/hVCNAHrxPJFO6VbA8Nk8UJP6P+NjvZY+xdrfwytMQ==",
      "dev": true,
      "license": "Apache-2.0",
      "dependencies": {
        "@endo/harden": "^1.1.0",
        "@endo/immutable-arraybuffer": "^2.0.0"
      }
    },
    "node_modules/@endo/cache-map": {
      "version": "1.1.0",
      "resolved": "https://registry.npmjs.org/@endo/cache-map/-/cache-map-1.1.0.tgz",
      "integrity": "sha512-owFGshs/97PDw9oguZqU/px8Lv1d0KjAUtDUiPwKHNXRVUE/jyettEbRoTbNJR1OaI8biMn6bHr9kVJsOh6dXw==",
      "dev": true,
      "license": "Apache-2.0"
    },
    "node_modules/@endo/common": {
      "version": "1.4.0",
      "resolved": "https://registry.npmjs.org/@endo/common/-/common-1.4.0.tgz",
      "integrity": "sha512-+d0CCzEYUP4PZDVGAUHMNfCEBn/GOyq/39y33N4FFUb6VPNJosfKFK5bI38mTaqwr6gxLGbzm8aeiElz+NaSDQ==",
      "dev": true,
      "license": "Apache-2.0",
      "dependencies": {
        "@endo/errors": "^1.3.1",
        "@endo/eventual-send": "^1.5.0",
        "@endo/harden": "^1.1.0",
        "@endo/promise-kit": "^1.2.1"
      }
    },
    "node_modules/@endo/env-options": {
      "version": "1.1.11",
      "resolved": "https://registry.npmjs.org/@endo/env-options/-/env-options-1.1.11.tgz",
      "integrity": "sha512-p9OnAPsdqoX4YJsE98e3NBVhIr2iW9gNZxHhAI2/Ul5TdRfoOViItzHzTqrgUVopw6XxA1u1uS6CykLMDUxarA==",
      "dev": true,
      "license": "Apache-2.0"
    },
    "node_modules/@endo/errors": {
      "version": "1.3.1",
      "resolved": "https://registry.npmjs.org/@endo/errors/-/errors-1.3.1.tgz",
      "integrity": "sha512-AmR2DSiahQR66SHlEczNWe0eUotMYE2uDwxPj9fAY2l2lovwHWGzZKXNXdQP/u62c8vetU8mG98Mh5vRZEvFTg==",
      "dev": true,
      "license": "Apache-2.0",
      "dependencies": {
        "@endo/harden": "^1.1.0",
        "ses": "^2.0.0"
      }
    },
    "node_modules/@endo/eventual-send": {
      "version": "1.5.0",
      "resolved": "https://registry.npmjs.org/@endo/eventual-send/-/eventual-send-1.5.0.tgz",
      "integrity": "sha512-mIRewS15mk+oV8y7kszyE0KWHZAlVoe98bEo/WJFJvBv1Rd83IjnofbuZcyWToWd70vgCxfkutWRJBK2Xtwd5A==",
      "dev": true,
      "license": "Apache-2.0",
      "dependencies": {
        "@endo/env-options": "^1.1.11",
        "@endo/harden": "^1.1.0"
      }
    },
    "node_modules/@endo/harden": {
      "version": "1.1.0",
      "resolved": "https://registry.npmjs.org/@endo/harden/-/harden-1.1.0.tgz",
      "integrity": "sha512-d0CF7EVqymx9YUbkRI2sj10NrMLhrpmsaq5aBbEEbWDFxNe7F/mM8Gv8zT+iHErKEfeMCId90n5mk665SnxrRA==",
      "dev": true,
      "license": "Apache-2.0"
    },
    "node_modules/@endo/hex": {
      "version": "1.1.1",
      "resolved": "https://registry.npmjs.org/@endo/hex/-/hex-1.1.1.tgz",
      "integrity": "sha512-I2Q7roaHk0fE4JTj2GXfxHPR14qTFK9bOvp3nKf2Fk0r/CjgL4zFcHYolvqY15SRNmZDcywnQ+MBTW82b7BUpQ==",
      "dev": true,
      "license": "Apache-2.0",
      "dependencies": {
        "@endo/harden": "^1.1.0"
      }
    },
    "node_modules/@endo/immutable-arraybuffer": {
      "version": "2.0.0",
      "resolved": "https://registry.npmjs.org/@endo/immutable-arraybuffer/-/immutable-arraybuffer-2.0.0.tgz",
      "integrity": "sha512-xvfJvo4CgETh6UjSKwhNsFLZrqrTf2k4ZFpcprEN2UtCQRSOk+CcLP70kFbrOesB2Z/c1z9MaUZDS1JY6IlnUg==",
      "dev": true,
      "license": "Apache-2.0"
    },
    "node_modules/@endo/init": {
      "version": "1.1.13",
      "resolved": "https://registry.npmjs.org/@endo/init/-/init-1.1.13.tgz",
      "integrity": "sha512-7I94pHD0ax+WDj5dP1MKgzgSY6/GsdwCc/Ap2zFY4lzhCO944zQ4MChAW2yX28QKJK80VyJzqoW5BQ56ngEHHA==",
      "dev": true,
      "license": "Apache-2.0",
      "dependencies": {
        "@endo/base64": "^1.0.12",
        "@endo/eventual-send": "^1.4.0",
        "@endo/harden": "^1.1.0",
        "@endo/lockdown": "^1.0.18",
        "@endo/promise-kit": "^1.2.0"
      }
    },
    "node_modules/@endo/lockdown": {
      "version": "1.0.19",
      "resolved": "https://registry.npmjs.org/@endo/lockdown/-/lockdown-1.0.19.tgz",
      "integrity": "sha512-pcc6TqTBlx43422gHFzS+FrUfyJlbDoWUrynp78Mv+FrIZv4947FPcfjlXolgwvO00alMlSYxfXrrXUV93ywaA==",
      "dev": true,
      "license": "Apache-2.0",
      "dependencies": {
        "ses": "^2.0.0"
      }
    },
    "node_modules/@endo/marshal": {
      "version": "1.10.0",
      "resolved": "https://registry.npmjs.org/@endo/marshal/-/marshal-1.10.0.tgz",
      "integrity": "sha512-1ny6r0+XFpkpJNJEOApZQlFNB8FsDxzU2oCv1hpN1HjpszsKcTiyfXU/n/cJIs3KOOS06Tkt72pgPlasHpsVGA==",
      "dev": true,
      "license": "Apache-2.0",
      "dependencies": {
        "@endo/common": "^1.4.0",
        "@endo/env-options": "^1.1.11",
        "@endo/errors": "^1.3.1",
        "@endo/eventual-send": "^1.5.0",
        "@endo/harden": "^1.1.0",
        "@endo/nat": "^5.2.0",
        "@endo/pass-style": "^1.8.0"
      }
    },
    "node_modules/@endo/nat": {
      "version": "5.2.0",
      "resolved": "https://registry.npmjs.org/@endo/nat/-/nat-5.2.0.tgz",
      "integrity": "sha512-yTNaysErNbrAWV8H2oC4e83nytG8Vzcu6VrxOkSIJQt+IVS9BUlSa1KkiKrVwu2IcIC67gJIkolPq3SgMGDjfQ==",
      "dev": true,
      "license": "Apache-2.0"
    },
    "node_modules/@endo/ocapn": {
      "version": "1.1.1",
      "resolved": "https://registry.npmjs.org/@endo/ocapn/-/ocapn-1.1.1.tgz",
      "integrity": "sha512-3VtHmyMsHwDPwcVusCTgtb8VXr539iZk+r8vzzOU6/cWyMhJuxRGOKR3r5EzDHVG4tY/R6tihoGt7QLnNDuceQ==",
      "dev": true,
      "license": "Apache-2.0",
      "dependencies": {
        "@endo/bytes": "^1.0.1",
        "@endo/eventual-send": "^1.5.0",
        "@endo/harden": "^1.1.0",
        "@endo/hex": "^1.1.1",
        "@endo/init": "^1.1.13",
        "@endo/marshal": "^1.10.0",
        "@endo/nat": "^5.2.0",
        "@endo/pass-style": "^1.8.1",
        "@endo/promise-kit": "^1.2.1",
        "@endo/stream": "^1.3.1",
        "@endo/syrup-frame": "^0.1.1",
        "@noble/curves": "^1.9.0",
        "@noble/hashes": "^1.8.0",
        "ws": "^8.20.0"
      }
    },
    "node_modules/@endo/pass-style": {
      "version": "1.8.1",
      "resolved": "https://registry.npmjs.org/@endo/pass-style/-/pass-style-1.8.1.tgz",
      "integrity": "sha512-valQwezhYY+VJ8nIUQQbSqJaCupD6Pkt7s6dIxk0PFdsXyvVXIq2+u7/GsfmeLScP8ntv6ZYidYjDoJK61heTg==",
      "dev": true,
      "license": "Apache-2.0",
      "dependencies": {
        "@endo/common": "^1.4.0",
        "@endo/env-options": "^1.1.11",
        "@endo/errors": "^1.3.1",
        "@endo/eventual-send": "^1.5.0",
        "@endo/harden": "^1.1.0",
        "@endo/promise-kit": "^1.2.1"
      }
    },
    "node_modules/@endo/promise-kit": {
      "version": "1.2.1",
      "resolved": "https://registry.npmjs.org/@endo/promise-kit/-/promise-kit-1.2.1.tgz",
      "integrity": "sha512-1nyXBOuUnVo/i47On8RCXPaT/1RIsSpJ1sGBClfZrcTtnsJfj8fElEVlJIE8NFsQiZPLNANYI+i/NYi837+s0Q==",
      "dev": true,
      "license": "Apache-2.0",
      "dependencies": {
        "@endo/harden": "^1.1.0"
      },
      "engines": {
        "node": ">=11.0"
      }
    },
    "node_modules/@endo/stream": {
      "version": "1.3.1",
      "resolved": "https://registry.npmjs.org/@endo/stream/-/stream-1.3.1.tgz",
      "integrity": "sha512-v21VRzo5wjzw7XMHCWAmDS50hkUQi/m9C0MQTIAAqLm6w9+/Er9AEXl8FGIbz+VjtJWk5SNVbuqA51N7oBaLDQ==",
      "dev": true,
      "license": "Apache-2.0",
      "dependencies": {
        "@endo/eventual-send": "^1.5.0",
        "@endo/harden": "^1.1.0",
        "@endo/promise-kit": "^1.2.1",
        "ses": "^2.0.0"
      }
    },
    "node_modules/@endo/syrup-frame": {
      "version": "0.1.1",
      "resolved": "https://registry.npmjs.org/@endo/syrup-frame/-/syrup-frame-0.1.1.tgz",
      "integrity": "sha512-+uha+zI05RHPlSNVI7uaB2KD1EQ9gKAMcOzj1eT3y7Ng/vcW1bo7clCVVo3t+dOFOc6vYSsXgKufi40qxXRgYQ==",
      "dev": true,
      "license": "Apache-2.0",
      "dependencies": {
        "@endo/harden": "^1.1.0",
        "@endo/init": "^1.1.13",
        "@endo/promise-kit": "^1.2.1",
        "@endo/stream": "^1.3.1"
      }
    },
    "node_modules/@noble/curves": {
      "version": "1.9.7",
      "resolved": "https://registry.npmjs.org/@noble/curves/-/curves-1.9.7.tgz",
      "integrity": "sha512-gbKGcRUYIjA3/zCCNaWDciTMFI0dCkvou3TL8Zmy5Nc7sJ47a0jtOeZoTaMxkuqRo9cRhjOdZJXegxYE5FN/xw==",
      "dev": true,
      "license": "MIT",
      "dependencies": {
        "@noble/hashes": "1.8.0"
      },
      "engines": {
        "node": "^14.21.3 || >=16"
      },
      "funding": {
        "url": "https://paulmillr.com/funding/"
      }
    },
    "node_modules/@noble/hashes": {
      "version": "1.8.0",
      "resolved": "https://registry.npmjs.org/@noble/hashes/-/hashes-1.8.0.tgz",
      "integrity": "sha512-jCs9ldd7NwzpgXDIf6P3+NrHh9/sD6CQdxHyjQI+h/6rDNo88ypBxxz45UDuZHz9r3tNz7N/VInSVoVdtXEI4A==",
      "license": "MIT",
      "engines": {
        "node": "^14.21.3 || >=16"
      },
      "funding": {
        "url": "https://paulmillr.com/funding/"
      }
    },
    "node_modules/assemblyscript": {
      "version": "0.28.20",
      "resolved": "https://registry.npmjs.org/assemblyscript/-/assemblyscript-0.28.20.tgz",
      "integrity": "sha512-5PM7GZpvcLypHcLmi30aP8mqm5HjU+LL3BdV1xDyA3USGtL2w+iMiUnhtH+vW8+2kOuHlAyPu7M+QgyEw5he1g==",
      "dev": true,
      "license": "Apache-2.0",
      "dependencies": {
        "binaryen": "131.0.0-nightly.20260721",
        "long": "^5.2.4"
      },
      "bin": {
        "asc": "bin/asc.js",
        "asinit": "bin/asinit.js"
      },
      "engines": {
        "node": ">=20",
        "npm": ">=10"
      },
      "funding": {
        "type": "opencollective",
        "url": "https://opencollective.com/assemblyscript"
      }
    },
    "node_modules/binaryen": {
      "version": "131.0.0-nightly.20260721",
      "resolved": "https://registry.npmjs.org/binaryen/-/binaryen-131.0.0-nightly.20260721.tgz",
      "integrity": "sha512-AAQIkhfbYXh4FBObwBrlO+5L+6Rp6OOMOjh6AdT0M+GLNLyrwKWgtW+EzmizNgx9CWDfTJPfDtKoZi62QESbtg==",
      "dev": true,
      "license": "Apache-2.0",
      "bin": {
        "wasm-as": "bin/wasm-as",
        "wasm-ctor-eval": "bin/wasm-ctor-eval",
        "wasm-dis": "bin/wasm-dis",
        "wasm-merge": "bin/wasm-merge",
        "wasm-metadce": "bin/wasm-metadce",
        "wasm-opt": "bin/wasm-opt",
        "wasm-reduce": "bin/wasm-reduce",
        "wasm-shell": "bin/wasm-shell",
        "wasm2js": "bin/wasm2js"
      }
    },
    "node_modules/import-meta-resolve": {
      "version": "4.2.0",
      "resolved": "https://registry.npmjs.org/import-meta-resolve/-/import-meta-resolve-4.2.0.tgz",
      "integrity": "sha512-Iqv2fzaTQN28s/FwZAoFq0ZSs/7hMAHJVX+w8PZl3cY19Pxk6jFFalxQoIfW2826i/fDLXv8IiEZRIT0lDuWcg==",
      "dev": true,
      "license": "MIT",
      "funding": {
        "type": "github",
        "url": "https://github.com/sponsors/wooorm"
      }
    },
    "node_modules/long": {
      "version": "5.3.2",
      "resolved": "https://registry.npmjs.org/long/-/long-5.3.2.tgz",
      "integrity": "sha512-mNAgZ1GmyNhD7AuqnTG3/VQ26o760+ZYBPKjPvugO8+nLbYfX6TVpJPseBvopbdY+qpZ/lKUnmEc1LeZYS3QAA==",
      "dev": true,
      "license": "Apache-2.0"
    },
    "node_modules/nbb": {
      "version": "1.5.211",
      "resolved": "https://registry.npmjs.org/nbb/-/nbb-1.5.211.tgz",
      "integrity": "sha512-VgOlYvseeVYuDCAk5ehzAFZlNBu12gygZcIF2gRBFbNvCH5mMJlghvj8ag5gDZVNZ3AnorxWGAENMmcdVhIISQ==",
      "dev": true,
      "license": "EPL-1.0",
      "dependencies": {
        "import-meta-resolve": "^4.1.0"
      },
      "bin": {
        "nbb": "cli.js",
        "nbbun": "nbbun.js"
      }
    },
    "node_modules/ses": {
      "version": "2.3.0",
      "resolved": "https://registry.npmjs.org/ses/-/ses-2.3.0.tgz",
      "integrity": "sha512-qd3iWzDqGKllI2FmExKsWLrJwt+6COWb8jUdzaCn8Cq5OTeoXdQ62Gn/xLy0GWLORC3du6yBAVe/V0B0dLVKew==",
      "dev": true,
      "license": "Apache-2.0",
      "dependencies": {
        "@endo/cache-map": "^1.1.0",
        "@endo/env-options": "^1.1.11",
        "@endo/immutable-arraybuffer": "^2.0.0"
      }
    },
    "node_modules/ws": {
      "version": "8.21.3",
      "resolved": "https://registry.npmjs.org/ws/-/ws-8.21.3.tgz",
      "integrity": "sha512-201TZ/kPWxoPr/OKWjquZR1SWKXcvxdH+e1xrx89b3YbmzLMFCLfnaG1HFIgWzJOEWZ7MvpK++odZufgYR50Rw==",
      "dev": true,
      "license": "MIT",
      "engines": {
        "node": ">=10.0.0"
      },
      "peerDependencies": {
        "bufferutil": "^4.0.1",
        "utf-8-validate": ">=5.0.2"
      },
      "peerDependenciesMeta": {
        "bufferutil": {
          "optional": true
        },
        "utf-8-validate": {
          "optional": true
        }
      }
    }
  }
}
